
Microsoft Visual Studio Solution File, Format Version 12.00
# Visual Studio 2012
Project("{FAE04EC0-301F-11D3-BF4B-00C04F79EFBC}") = "SeeExample.iOS", "SeeExample\SeeExample.iOS.csproj", "{96807536-177C-432D-B188-89C3B132DBC3}"
EndProject
Project("{FAE04EC0-301F-11D3-BF4B-00C04F79EFBC}") = "SeeExample.Android", "SeeExample.Android\SeeExample.Android.csproj", "{78CD6F32-E106-4D2F-A29B-4CF91294B78D}"
EndProject
Global
	GlobalSection(SolutionConfigurationPlatforms) = preSolution
		Debug|iPhoneSimulator = Debug|iPhoneSimulator
		Release|iPhone = Release|iPhone
		Release|iPhoneSimulator = Release|iPhoneSimulator
		Debug|iPhone = Debug|iPhone
	EndGlobalSection
	GlobalSection(ProjectConfigurationPlatforms) = postSolution
		{96807536-177C-432D-B188-89C3B132DBC3}.Debug|iPhoneSimulator.ActiveCfg = Debug|iPhoneSimulator
		{96807536-177C-432D-B188-89C3B132DBC3}.Debug|iPhoneSimulator.Build.0 = Debug|iPhoneSimulator
		{96807536-177C-432D-B188-89C3B132DBC3}.Release|iPhone.ActiveCfg = Release|iPhone
		{96807536-177C-432D-B188-89C3B132DBC3}.Release|iPhone.Build.0 = Release|iPhone
		{96807536-177C-432D-B188-89C3B132DBC3}.Release|iPhoneSimulator.ActiveCfg = Release|iPhoneSimulator
		{96807536-177C-432D-B188-89C3B132DBC3}.Release|iPhoneSimulator.Build.0 = Release|iPhoneSimulator
		{96807536-177C-432D-B188-89C3B132DBC3}.Debug|iPhone.ActiveCfg = Debug|iPhone
		{96807536-177C-432D-B188-89C3B132DBC3}.Debug|iPhone.Build.0 = Debug|iPhone
		{78CD6F32-E106-4D2F-A29B-4CF91294B78D}.Debug|iPhoneSimulator.ActiveCfg = Debug|Any CPU
		{78CD6F32-E106-4D2F-A29B-4CF91294B78D}.Debug|iPhoneSimulator.Build.0 = Debug|Any CPU
		{78CD6F32-E106-4D2F-A29B-4CF91294B78D}.Release|iPhone.ActiveCfg = Release|Any CPU
		{78CD6F32-E106-4D2F-A29B-4CF91294B78D}.Release|iPhone.Build.0 = Release|Any CPU
		{78CD6F32-E106-4D2F-A29B-4CF91294B78D}.Release|iPhoneSimulator.ActiveCfg = Release|Any CPU
		{78CD6F32-E106-4D2F-A29B-4CF91294B78D}.Release|iPhoneSimulator.Build.0 = Release|Any CPU
		{78CD6F32-E106-4D2F-A29B-4CF91294B78D}.Debug|iPhone.ActiveCfg = Debug|Any CPU
		{78CD6F32-E106-4D2F-A29B-4CF91294B78D}.Debug|iPhone.Build.0 = Debug|Any CPU
	EndGlobalSection
EndGlobal
